<?xml version="1.0" encoding="UTF-8"?>
<Solution>
	<Configurations>
		<BuildType Name="Debug"/>
		<BuildType Name="Release"/>
		<BuildType Name="MinSizeRel"/>
		<BuildType Name="RelWithDebInfo"/>
		<Platform Name="x64"/>
	</Configurations>
	<Project Path="ALL_BUILD.vcxproj" Type="8bc9ceb8-8b4a-11d0-8d11-00a0c91bc942" Id="8911db4a-2faf-3a51-b8f4-7951a707be91" DefaultStartup="true">
		<BuildDependency Project="ZERO_CHECK.vcxproj"/>
		<BuildDependency Project="firefly_core.vcxproj"/>
		<BuildDependency Project="tests/firefly_tests.vcxproj"/>
		<BuildDependency Project="tests/run_real_files.vcxproj"/>
		<BuildDependency Project="tests/test_presolve.vcxproj"/>
		<BuildDependency Project="tests/test_presolve_rules.vcxproj"/>
		<BuildDependency Project="tests/test_simplex.vcxproj"/>
	</Project>
	<Project Path="INSTALL.vcxproj" Type="8bc9ceb8-8b4a-11d0-8d11-00a0c91bc942" Id="f7a0ba7d-7a14-3ab7-8f89-c976e74359c8">
		<BuildDependency Project="ALL_BUILD.vcxproj"/>
		<BuildDependency Project="ZERO_CHECK.vcxproj"/>
		<Build Solution="Debug|*" Project="false"/>
		<Build Solution="Release|*" Project="false"/>
		<Build Solution="MinSizeRel|*" Project="false"/>
		<Build Solution="RelWithDebInfo|*" Project="false"/>
	</Project>
	<Project Path="RUN_TESTS.vcxproj" Type="8bc9ceb8-8b4a-11d0-8d11-00a0c91bc942" Id="417b5ebc-fcc0-3c1f-8dae-5786c956bf9f">
		<BuildDependency Project="ZERO_CHECK.vcxproj"/>
		<Build Solution="Debug|*" Project="false"/>
		<Build Solution="Release|*" Project="false"/>
		<Build Solution="MinSizeRel|*" Project="false"/>
		<Build Solution="RelWithDebInfo|*" Project="false"/>
	</Project>
	<Project Path="ZERO_CHECK.vcxproj" Type="8bc9ceb8-8b4a-11d0-8d11-00a0c91bc942" Id="eb497fd8-4eec-3c45-bc9a-6f75cf6ff11b"/>
	<Project Path="firefly_core.vcxproj" Type="8bc9ceb8-8b4a-11d0-8d11-00a0c91bc942" Id="c7acc986-2426-3a1e-9de9-47d7d2c22b5e">
		<BuildDependency Project="ZERO_CHECK.vcxproj"/>
	</Project>
	<Project Path="tests/firefly_tests.vcxproj" Type="8bc9ceb8-8b4a-11d0-8d11-00a0c91bc942" Id="338a69d3-e12f-39ce-b17e-f9ff3909f192">
		<BuildDependency Project="ZERO_CHECK.vcxproj"/>
		<BuildDependency Project="firefly_core.vcxproj"/>
	</Project>
	<Project Path="tests/run_real_files.vcxproj" Type="8bc9ceb8-8b4a-11d0-8d11-00a0c91bc942" Id="a99e9231-19ce-3169-96cd-b228d3b88c06">
		<BuildDependency Project="ZERO_CHECK.vcxproj"/>
		<BuildDependency Project="firefly_core.vcxproj"/>
	</Project>
	<Project Path="tests/test_presolve.vcxproj" Type="8bc9ceb8-8b4a-11d0-8d11-00a0c91bc942" Id="9acbe390-cc1d-3071-b231-309bf2b658cb">
		<BuildDependency Project="ZERO_CHECK.vcxproj"/>
		<BuildDependency Project="firefly_core.vcxproj"/>
	</Project>
	<Project Path="tests/test_presolve_rules.vcxproj" Type="8bc9ceb8-8b4a-11d0-8d11-00a0c91bc942" Id="677cb214-4811-30ae-a519-0f56e28473eb">
		<BuildDependency Project="ZERO_CHECK.vcxproj"/>
		<BuildDependency Project="firefly_core.vcxproj"/>
	</Project>
	<Project Path="tests/test_simplex.vcxproj" Type="8bc9ceb8-8b4a-11d0-8d11-00a0c91bc942" Id="84e547b8-a8eb-3823-8b84-c55a95165b4f">
		<BuildDependency Project="ZERO_CHECK.vcxproj"/>
		<BuildDependency Project="firefly_core.vcxproj"/>
	</Project>
	<Project Path="_deps/eigen-build/uninstall.vcxproj" Type="8bc9ceb8-8b4a-11d0-8d11-00a0c91bc942" Id="c070ef66-4600-3623-b743-3e28f2e39c37">
		<BuildDependency Project="ZERO_CHECK.vcxproj"/>
		<Build Solution="Debug|*" Project="false"/>
		<Build Solution="Release|*" Project="false"/>
		<Build Solution="MinSizeRel|*" Project="false"/>
		<Build Solution="RelWithDebInfo|*" Project="false"/>
	</Project>
</Solution>
